
Microsoft Visual Studio Solution File, Format Version 12.00
# Visual Studio Version 17
VisualStudioVersion = 17.4.33122.133
MinimumVisualStudioVersion = 10.0.40219.1
Project("{FAE04EC0-301F-11D3-BF4B-00C04F79EFBC}") = "FlashLive", "FlashLive\FlashLive.csproj", "{D522A45D-B20B-4B19-B927-3F9E7921D3D1}"
EndProject
Project("{FAE04EC0-301F-11D3-BF4B-00C04F79EFBC}") = "Playground", "Playground\Playground.csproj", "{C0004415-7CD2-4B97-A631-3D9A5CFC30FE}"
EndProject
Global
	GlobalSection(SolutionConfigurationPlatforms) = preSolution
		Debug|Any CPU = Debug|Any CPU
		Release|Any CPU = Release|Any CPU
	EndGlobalSection
	GlobalSection(ProjectConfigurationPlatforms) = postSolution
		{D522A45D-B20B-4B19-B927-3F9E7921D3D1}.Debug|Any CPU.ActiveCfg = Debug|Any CPU
		{D522A45D-B20B-4B19-B927-3F9E7921D3D1}.Debug|Any CPU.Build.0 = Debug|Any CPU
		{D522A45D-B20B-4B19-B927-3F9E7921D3D1}.Release|Any CPU.ActiveCfg = Release|Any CPU
		{D522A45D-B20B-4B19-B927-3F9E7921D3D1}.Release|Any CPU.Build.0 = Release|Any CPU
		{C0004415-7CD2-4B97-A631-3D9A5CFC30FE}.Debug|Any CPU.ActiveCfg = Debug|Any CPU
		{C0004415-7CD2-4B97-A631-3D9A5CFC30FE}.Debug|Any CPU.Build.0 = Debug|Any CPU
		{C0004415-7CD2-4B97-A631-3D9A5CFC30FE}.Release|Any CPU.ActiveCfg = Release|Any CPU
		{C0004415-7CD2-4B97-A631-3D9A5CFC30FE}.Release|Any CPU.Build.0 = Release|Any CPU
	EndGlobalSection
	GlobalSection(SolutionProperties) = preSolution
		HideSolutionNode = FALSE
	EndGlobalSection
	GlobalSection(ExtensibilityGlobals) = postSolution
		SolutionGuid = {283F5DA1-DC91-40C6-9F17-456038BB4310}
	EndGlobalSection
EndGlobal
